
Microsoft Visual Studio Solution File, Format Version 12.00
# Visual Studio Version 16
VisualStudioVersion = 16.0.30621.155
MinimumVisualStudioVersion = 10.0.40219.1
Project("{FAE04EC0-301F-11D3-BF4B-00C04F79EFBC}") = "StringAndArray", "StringAndArray\StringAndArray.csproj", "{09C0BD8A-2650-4F83-B090-4F5903299839}"
EndProject
Global
	GlobalSection(SolutionConfigurationPlatforms) = preSolution
		Debug|Any CPU = Debug|Any CPU
		Release|Any CPU = Release|Any CPU
	EndGlobalSection
	GlobalSection(ProjectConfigurationPlatforms) = postSolution
		{09C0BD8A-2650-4F83-B090-4F5903299839}.Debug|Any CPU.ActiveCfg = Debug|Any CPU
		{09C0BD8A-2650-4F83-B090-4F5903299839}.Debug|Any CPU.Build.0 = Debug|Any CPU
		{09C0BD8A-2650-4F83-B090-4F5903299839}.Release|Any CPU.ActiveCfg = Release|Any CPU
		{09C0BD8A-2650-4F83-B090-4F5903299839}.Release|Any CPU.Build.0 = Release|Any CPU
	EndGlobalSection
	GlobalSection(SolutionProperties) = preSolution
		HideSolutionNode = FALSE
	EndGlobalSection
	GlobalSection(ExtensibilityGlobals) = postSolution
		SolutionGuid = {2BD58A9D-1E3F-48C7-8781-7F2FA9A52F30}
	EndGlobalSection
EndGlobal
