
Microsoft Visual Studio Solution File, Format Version 12.00
# Visual Studio Version 16
VisualStudioVersion = 16.0.30621.155
MinimumVisualStudioVersion = 10.0.40219.1
Project("{FAE04EC0-301F-11D3-BF4B-00C04F79EFBC}") = "DataTypes1", "DataTypes1\DataTypes1.csproj", "{967DBA00-1572-4801-984F-B99065E370E5}"
EndProject
Global
	GlobalSection(SolutionConfigurationPlatforms) = preSolution
		Debug|Any CPU = Debug|Any CPU
		Release|Any CPU = Release|Any CPU
	EndGlobalSection
	GlobalSection(ProjectConfigurationPlatforms) = postSolution
		{967DBA00-1572-4801-984F-B99065E370E5}.Debug|Any CPU.ActiveCfg = Debug|Any CPU
		{967DBA00-1572-4801-984F-B99065E370E5}.Debug|Any CPU.Build.0 = Debug|Any CPU
		{967DBA00-1572-4801-984F-B99065E370E5}.Release|Any CPU.ActiveCfg = Release|Any CPU
		{967DBA00-1572-4801-984F-B99065E370E5}.Release|Any CPU.Build.0 = Release|Any CPU
	EndGlobalSection
	GlobalSection(SolutionProperties) = preSolution
		HideSolutionNode = FALSE
	EndGlobalSection
	GlobalSection(ExtensibilityGlobals) = postSolution
		SolutionGuid = {4CC16FFF-1279-45F0-8664-59BCCFA27E28}
	EndGlobalSection
EndGlobal
